
Microsoft Visual Studio Solution File, Format Version 12.00
# Visual Studio 15
VisualStudioVersion = 15.0.28307.779
MinimumVisualStudioVersion = 10.0.40219.1
Project("{9A19103F-16F7-4668-BE54-9A1E7A4F7556}") = "Deylin.Utils.ApplicationContext", "Deylin.Utils.ApplicationContext\Deylin.Utils.ApplicationContext.csproj", "{779B54BD-7049-4D1F-AB87-5F75A4A4A6F3}"
EndProject
Project("{FAE04EC0-301F-11D3-BF4B-00C04F79EFBC}") = "Deylin.Utils.ApplicationContext.UnitTest", "Deylin.Utils.ApplicationContext.UnitTest\Deylin.Utils.ApplicationContext.UnitTest.csproj", "{B6D2719D-18B7-433E-8FBF-01517A6CFB1C}"
EndProject
Global
	GlobalSection(SolutionConfigurationPlatforms) = preSolution
		Debug|Any CPU = Debug|Any CPU
		Release|Any CPU = Release|Any CPU
	EndGlobalSection
	GlobalSection(ProjectConfigurationPlatforms) = postSolution
		{779B54BD-7049-4D1F-AB87-5F75A4A4A6F3}.Debug|Any CPU.ActiveCfg = Debug|Any CPU
		{779B54BD-7049-4D1F-AB87-5F75A4A4A6F3}.Debug|Any CPU.Build.0 = Debug|Any CPU
		{779B54BD-7049-4D1F-AB87-5F75A4A4A6F3}.Release|Any CPU.ActiveCfg = Release|Any CPU
		{779B54BD-7049-4D1F-AB87-5F75A4A4A6F3}.Release|Any CPU.Build.0 = Release|Any CPU
		{B6D2719D-18B7-433E-8FBF-01517A6CFB1C}.Debug|Any CPU.ActiveCfg = Debug|Any CPU
		{B6D2719D-18B7-433E-8FBF-01517A6CFB1C}.Debug|Any CPU.Build.0 = Debug|Any CPU
		{B6D2719D-18B7-433E-8FBF-01517A6CFB1C}.Release|Any CPU.ActiveCfg = Release|Any CPU
		{B6D2719D-18B7-433E-8FBF-01517A6CFB1C}.Release|Any CPU.Build.0 = Release|Any CPU
	EndGlobalSection
	GlobalSection(SolutionProperties) = preSolution
		HideSolutionNode = FALSE
	EndGlobalSection
	GlobalSection(ExtensibilityGlobals) = postSolution
		SolutionGuid = {AFD2B3A1-5767-439E-BA2E-697409E6436D}
	EndGlobalSection
EndGlobal
